
Microsoft Visual Studio Solution File, Format Version 12.00
Project("{FAE04EC0-301F-11D3-BF4B-00C04F79EFBC}") = "Criptografia", "Criptografia\Criptografia.csproj", "{34416EC8-BEF3-48D1-874D-B20CE43D593B}"
EndProject
Global
	GlobalSection(SolutionConfigurationPlatforms) = preSolution
		Debug|Any CPU = Debug|Any CPU
		Release|Any CPU = Release|Any CPU
	EndGlobalSection
	GlobalSection(ProjectConfigurationPlatforms) = postSolution
		{34416EC8-BEF3-48D1-874D-B20CE43D593B}.Debug|Any CPU.ActiveCfg = Debug|Any CPU
		{34416EC8-BEF3-48D1-874D-B20CE43D593B}.Debug|Any CPU.Build.0 = Debug|Any CPU
		{34416EC8-BEF3-48D1-874D-B20CE43D593B}.Release|Any CPU.ActiveCfg = Release|Any CPU
		{34416EC8-BEF3-48D1-874D-B20CE43D593B}.Release|Any CPU.Build.0 = Release|Any CPU
	EndGlobalSection
EndGlobal
